// !$*UTF8*$!
{
	archiveVersion = 1;
	classes = {
	};
	objectVersion = 50;
	objects = {

/* Begin PBXBuildFile section */
		8428027A2534641B0078723A /* UITextView.swift in Sources */ = {isa = PBXBuildFile; fileRef = 842802792534641B0078723A /* UITextView.swift */; };
		8428027D25347D9B0078723A /* DataManagerProtocol.swift in Sources */ = {isa = PBXBuildFile; fileRef = 8428027C25347D9B0078723A /* DataManagerProtocol.swift */; };
		8428027F25347F2E0078723A /* GCDDataManager.swift in Sources */ = {isa = PBXBuildFile; fileRef = 8428027E25347F2E0078723A /* GCDDataManager.swift */; };
		8442D3CA251B434600F01A1C /* UILabel.swift in Sources */ = {isa = PBXBuildFile; fileRef = 8442D3C9251B434600F01A1C /* UILabel.swift */; };
		84489B76252C6E5500F3C80D /* UIAlertController.swift in Sources */ = {isa = PBXBuildFile; fileRef = 84489B75252C6E5500F3C80D /* UIAlertController.swift */; };
		8448DF7F252C9EFE00314A95 /* AppView.swift in Sources */ = {isa = PBXBuildFile; fileRef = 8448DF7E252C9EFE00314A95 /* AppView.swift */; };
		844EB08D2510DF5600AF0216 /* Logger.swift in Sources */ = {isa = PBXBuildFile; fileRef = 844EB08C2510DF5600AF0216 /* Logger.swift */; };
		84569933252DB45A001C10B1 /* AppLabel.swift in Sources */ = {isa = PBXBuildFile; fileRef = 84569932252DB45A001C10B1 /* AppLabel.swift */; };
		84569935252DB478001C10B1 /* AppButton.swift in Sources */ = {isa = PBXBuildFile; fileRef = 84569934252DB478001C10B1 /* AppButton.swift */; };
		8463B54E252369B800D1D358 /* Helper.swift in Sources */ = {isa = PBXBuildFile; fileRef = 8463B54D252369B800D1D358 /* Helper.swift */; };
		8467A60E250FAED400E36BEE /* AppDelegate.swift in Sources */ = {isa = PBXBuildFile; fileRef = 8467A60D250FAED400E36BEE /* AppDelegate.swift */; };
		8467A612250FAED400E36BEE /* BaseViewController.swift in Sources */ = {isa = PBXBuildFile; fileRef = 8467A611250FAED400E36BEE /* BaseViewController.swift */; };
		8467A615250FAED400E36BEE /* Main.storyboard in Resources */ = {isa = PBXBuildFile; fileRef = 8467A613250FAED400E36BEE /* Main.storyboard */; };
		8467A617250FAED500E36BEE /* Assets.xcassets in Resources */ = {isa = PBXBuildFile; fileRef = 8467A616250FAED500E36BEE /* Assets.xcassets */; };
		8467A61A250FAED500E36BEE /* LaunchScreen.storyboard in Resources */ = {isa = PBXBuildFile; fileRef = 8467A618250FAED500E36BEE /* LaunchScreen.storyboard */; };
		847E600025232496008B8C27 /* ConfigurableView.swift in Sources */ = {isa = PBXBuildFile; fileRef = 847E5FFF25232496008B8C27 /* ConfigurableView.swift */; };
		849444E0251DE86000946D9F /* ConversationsListViewController.swift in Sources */ = {isa = PBXBuildFile; fileRef = 849444DF251DE86000946D9F /* ConversationsListViewController.swift */; };
		849444E3251DF3C800946D9F /* ConversationTableViewCell.swift in Sources */ = {isa = PBXBuildFile; fileRef = 849444E1251DF3C800946D9F /* ConversationTableViewCell.swift */; };
		849444E4251DF3C800946D9F /* ConversationTableViewCell.xib in Resources */ = {isa = PBXBuildFile; fileRef = 849444E2251DF3C800946D9F /* ConversationTableViewCell.xib */; };
		849444E6251E21AF00946D9F /* ConversationViewController.swift in Sources */ = {isa = PBXBuildFile; fileRef = 849444E5251E21AF00946D9F /* ConversationViewController.swift */; };
		F10D4E022520F03E00B8CDD0 /* Date.swift in Sources */ = {isa = PBXBuildFile; fileRef = F10D4E012520F03E00B8CDD0 /* Date.swift */; };
		F10D4E04252111A900B8CDD0 /* ConversationCellModel.swift in Sources */ = {isa = PBXBuildFile; fileRef = F10D4E03252111A900B8CDD0 /* ConversationCellModel.swift */; };
		F10D4E062521123D00B8CDD0 /* MessageCellModel.swift in Sources */ = {isa = PBXBuildFile; fileRef = F10D4E052521123D00B8CDD0 /* MessageCellModel.swift */; };
		F10D4E092521165B00B8CDD0 /* MessageTableViewCell.swift in Sources */ = {isa = PBXBuildFile; fileRef = F10D4E072521165B00B8CDD0 /* MessageTableViewCell.swift */; };
		F10D4E0C252118D400B8CDD0 /* FakeDataGenerator.swift in Sources */ = {isa = PBXBuildFile; fileRef = F10D4E0B252118D400B8CDD0 /* FakeDataGenerator.swift */; };
		F136EF952517EDE400F0818C /* ProfileViewController.swift in Sources */ = {isa = PBXBuildFile; fileRef = F136EF942517EDE400F0818C /* ProfileViewController.swift */; };
		F136EF992517F10400F0818C /* LogLevels.swift in Sources */ = {isa = PBXBuildFile; fileRef = F136EF982517F10400F0818C /* LogLevels.swift */; };
		F1391DA025290D17007FC97D /* ThemesViewController.swift in Sources */ = {isa = PBXBuildFile; fileRef = F1391D9F25290D17007FC97D /* ThemesViewController.swift */; };
		F1391DA3252BA679007FC97D /* ThemeManager.swift in Sources */ = {isa = PBXBuildFile; fileRef = F1391DA2252BA679007FC97D /* ThemeManager.swift */; };
		F1391DA5252BA6F4007FC97D /* Theme.swift in Sources */ = {isa = PBXBuildFile; fileRef = F1391DA4252BA6F4007FC97D /* Theme.swift */; };
		F1391DA7252BA8AD007FC97D /* ClassicTheme.swift in Sources */ = {isa = PBXBuildFile; fileRef = F1391DA6252BA8AD007FC97D /* ClassicTheme.swift */; };
		F1391DA9252BA956007FC97D /* DayTheme.swift in Sources */ = {isa = PBXBuildFile; fileRef = F1391DA8252BA956007FC97D /* DayTheme.swift */; };
		F1391DAB252BA9B3007FC97D /* NightTheme.swift in Sources */ = {isa = PBXBuildFile; fileRef = F1391DAA252BA9B3007FC97D /* NightTheme.swift */; };
		F1391DAD252BB387007FC97D /* UIWindow.swift in Sources */ = {isa = PBXBuildFile; fileRef = F1391DAC252BB387007FC97D /* UIWindow.swift */; };
		F1D84D4C251E9804000A69AF /* UIColor.swift in Sources */ = {isa = PBXBuildFile; fileRef = F1D84D4B251E9804000A69AF /* UIColor.swift */; };
/* End PBXBuildFile section */

/* Begin PBXFileReference section */
		842802792534641B0078723A /* UITextView.swift */ = {isa = PBXFileReference; lastKnownFileType = sourcecode.swift; path = UITextView.swift; sourceTree = "<group>"; };
		8428027C25347D9B0078723A /* DataManagerProtocol.swift */ = {isa = PBXFileReference; lastKnownFileType = sourcecode.swift; path = DataManagerProtocol.swift; sourceTree = "<group>"; };
		8428027E25347F2E0078723A /* GCDDataManager.swift */ = {isa = PBXFileReference; lastKnownFileType = sourcecode.swift; path = GCDDataManager.swift; sourceTree = "<group>"; };
		8442D3C9251B434600F01A1C /* UILabel.swift */ = {isa = PBXFileReference; lastKnownFileType = sourcecode.swift; path = UILabel.swift; sourceTree = "<group>"; };
		84489B75252C6E5500F3C80D /* UIAlertController.swift */ = {isa = PBXFileReference; lastKnownFileType = sourcecode.swift; path = UIAlertController.swift; sourceTree = "<group>"; };
		8448DF7E252C9EFE00314A95 /* AppView.swift */ = {isa = PBXFileReference; lastKnownFileType = sourcecode.swift; path = AppView.swift; sourceTree = "<group>"; };
		844EB08C2510DF5600AF0216 /* Logger.swift */ = {isa = PBXFileReference; lastKnownFileType = sourcecode.swift; path = Logger.swift; sourceTree = "<group>"; };
		84569932252DB45A001C10B1 /* AppLabel.swift */ = {isa = PBXFileReference; lastKnownFileType = sourcecode.swift; path = AppLabel.swift; sourceTree = "<group>"; };
		84569934252DB478001C10B1 /* AppButton.swift */ = {isa = PBXFileReference; lastKnownFileType = sourcecode.swift; path = AppButton.swift; sourceTree = "<group>"; };
		8463B54D252369B800D1D358 /* Helper.swift */ = {isa = PBXFileReference; lastKnownFileType = sourcecode.swift; path = Helper.swift; sourceTree = "<group>"; };
		8467A60A250FAED400E36BEE /* Финтех чат.app */ = {isa = PBXFileReference; explicitFileType = wrapper.application; includeInIndex = 0; path = "Финтех чат.app"; sourceTree = BUILT_PRODUCTS_DIR; };
		8467A60D250FAED400E36BEE /* AppDelegate.swift */ = {isa = PBXFileReference; lastKnownFileType = sourcecode.swift; path = AppDelegate.swift; sourceTree = "<group>"; };
		8467A611250FAED400E36BEE /* BaseViewController.swift */ = {isa = PBXFileReference; lastKnownFileType = sourcecode.swift; path = BaseViewController.swift; sourceTree = "<group>"; };
		8467A614250FAED400E36BEE /* Base */ = {isa = PBXFileReference; lastKnownFileType = file.storyboard; name = Base; path = Base.lproj/Main.storyboard; sourceTree = "<group>"; };
		8467A616250FAED500E36BEE /* Assets.xcassets */ = {isa = PBXFileReference; lastKnownFileType = folder.assetcatalog; path = Assets.xcassets; sourceTree = "<group>"; };
		8467A619250FAED500E36BEE /* Base */ = {isa = PBXFileReference; lastKnownFileType = file.storyboard; name = Base; path = Base.lproj/LaunchScreen.storyboard; sourceTree = "<group>"; };
		8467A61B250FAED500E36BEE /* Info.plist */ = {isa = PBXFileReference; lastKnownFileType = text.plist.xml; path = Info.plist; sourceTree = "<group>"; };
		847E5FFF25232496008B8C27 /* ConfigurableView.swift */ = {isa = PBXFileReference; lastKnownFileType = sourcecode.swift; path = ConfigurableView.swift; sourceTree = "<group>"; };
		849444DF251DE86000946D9F /* ConversationsListViewController.swift */ = {isa = PBXFileReference; lastKnownFileType = sourcecode.swift; path = ConversationsListViewController.swift; sourceTree = "<group>"; };
		849444E1251DF3C800946D9F /* ConversationTableViewCell.swift */ = {isa = PBXFileReference; lastKnownFileType = sourcecode.swift; path = ConversationTableViewCell.swift; sourceTree = "<group>"; };
		849444E2251DF3C800946D9F /* ConversationTableViewCell.xib */ = {isa = PBXFileReference; lastKnownFileType = file.xib; path = ConversationTableViewCell.xib; sourceTree = "<group>"; };
		849444E5251E21AF00946D9F /* ConversationViewController.swift */ = {isa = PBXFileReference; lastKnownFileType = sourcecode.swift; path = ConversationViewController.swift; sourceTree = "<group>"; };
		F10D4E012520F03E00B8CDD0 /* Date.swift */ = {isa = PBXFileReference; lastKnownFileType = sourcecode.swift; path = Date.swift; sourceTree = "<group>"; };
		F10D4E03252111A900B8CDD0 /* ConversationCellModel.swift */ = {isa = PBXFileReference; lastKnownFileType = sourcecode.swift; name = ConversationCellModel.swift; path = fintech_chat/Extensions/ConversationCellModel.swift; sourceTree = SOURCE_ROOT; };
		F10D4E052521123D00B8CDD0 /* MessageCellModel.swift */ = {isa = PBXFileReference; lastKnownFileType = sourcecode.swift; name = MessageCellModel.swift; path = fintech_chat/Extensions/MessageCellModel.swift; sourceTree = SOURCE_ROOT; };
		F10D4E072521165B00B8CDD0 /* MessageTableViewCell.swift */ = {isa = PBXFileReference; lastKnownFileType = sourcecode.swift; path = MessageTableViewCell.swift; sourceTree = "<group>"; };
		F10D4E0B252118D400B8CDD0 /* FakeDataGenerator.swift */ = {isa = PBXFileReference; lastKnownFileType = sourcecode.swift; name = FakeDataGenerator.swift; path = fintech_chat/View/FakeDataGenerator.swift; sourceTree = SOURCE_ROOT; };
		F136EF942517EDE400F0818C /* ProfileViewController.swift */ = {isa = PBXFileReference; lastKnownFileType = sourcecode.swift; path = ProfileViewController.swift; sourceTree = "<group>"; };
		F136EF982517F10400F0818C /* LogLevels.swift */ = {isa = PBXFileReference; lastKnownFileType = sourcecode.swift; path = LogLevels.swift; sourceTree = "<group>"; };
		F1391D9F25290D17007FC97D /* ThemesViewController.swift */ = {isa = PBXFileReference; lastKnownFileType = sourcecode.swift; path = ThemesViewController.swift; sourceTree = "<group>"; };
		F1391DA2252BA679007FC97D /* ThemeManager.swift */ = {isa = PBXFileReference; lastKnownFileType = sourcecode.swift; path = ThemeManager.swift; sourceTree = "<group>"; };
		F1391DA4252BA6F4007FC97D /* Theme.swift */ = {isa = PBXFileReference; lastKnownFileType = sourcecode.swift; path = Theme.swift; sourceTree = "<group>"; };
		F1391DA6252BA8AD007FC97D /* ClassicTheme.swift */ = {isa = PBXFileReference; lastKnownFileType = sourcecode.swift; path = ClassicTheme.swift; sourceTree = "<group>"; };
		F1391DA8252BA956007FC97D /* DayTheme.swift */ = {isa = PBXFileReference; lastKnownFileType = sourcecode.swift; path = DayTheme.swift; sourceTree = "<group>"; };
		F1391DAA252BA9B3007FC97D /* NightTheme.swift */ = {isa = PBXFileReference; lastKnownFileType = sourcecode.swift; path = NightTheme.swift; sourceTree = "<group>"; };
		F1391DAC252BB387007FC97D /* UIWindow.swift */ = {isa = PBXFileReference; lastKnownFileType = sourcecode.swift; path = UIWindow.swift; sourceTree = "<group>"; };
		F1D84D4B251E9804000A69AF /* UIColor.swift */ = {isa = PBXFileReference; lastKnownFileType = sourcecode.swift; path = UIColor.swift; sourceTree = "<group>"; };
/* End PBXFileReference section */

/* Begin PBXFrameworksBuildPhase section */
		8467A607250FAED400E36BEE /* Frameworks */ = {
			isa = PBXFrameworksBuildPhase;
			buildActionMask = 2147483647;
			files = (
			);
			runOnlyForDeploymentPostprocessing = 0;
		};
/* End PBXFrameworksBuildPhase section */

/* Begin PBXGroup section */
		8428027B25347D750078723A /* DataManager */ = {
			isa = PBXGroup;
			children = (
				8428027C25347D9B0078723A /* DataManagerProtocol.swift */,
				8428027E25347F2E0078723A /* GCDDataManager.swift */,
			);
			path = DataManager;
			sourceTree = "<group>";
		};
		8442D3CB251B434D00F01A1C /* Extensions */ = {
			isa = PBXGroup;
			children = (
				8442D3C9251B434600F01A1C /* UILabel.swift */,
				F1D84D4B251E9804000A69AF /* UIColor.swift */,
				F10D4E012520F03E00B8CDD0 /* Date.swift */,
				F1391DAC252BB387007FC97D /* UIWindow.swift */,
				84489B75252C6E5500F3C80D /* UIAlertController.swift */,
				842802792534641B0078723A /* UITextView.swift */,
			);
			path = Extensions;
			sourceTree = "<group>";
		};
		8448DF7D252C9EE300314A95 /* Controls */ = {
			isa = PBXGroup;
			children = (
				8448DF7E252C9EFE00314A95 /* AppView.swift */,
				84569932252DB45A001C10B1 /* AppLabel.swift */,
				84569934252DB478001C10B1 /* AppButton.swift */,
			);
			path = Controls;
			sourceTree = "<group>";
		};
		8467A601250FAED300E36BEE = {
			isa = PBXGroup;
			children = (
				8467A60C250FAED400E36BEE /* fintech_chat */,
				8467A60B250FAED400E36BEE /* Products */,
			);
			sourceTree = "<group>";
		};
		8467A60B250FAED400E36BEE /* Products */ = {
			isa = PBXGroup;
			children = (
				8467A60A250FAED400E36BEE /* Финтех чат.app */,
			);
			name = Products;
			sourceTree = "<group>";
		};
		8467A60C250FAED400E36BEE /* fintech_chat */ = {
			isa = PBXGroup;
			children = (
				F1391DA1252BA3C2007FC97D /* Style */,
				849444DE251DE81300946D9F /* Helpers */,
				849444DB251DE7DB00946D9F /* Model */,
				849444DD251DE7E900946D9F /* Controller */,
				849444DC251DE7E500946D9F /* View */,
				8442D3CB251B434D00F01A1C /* Extensions */,
				8467A60D250FAED400E36BEE /* AppDelegate.swift */,
				8467A616250FAED500E36BEE /* Assets.xcassets */,
				8467A618250FAED500E36BEE /* LaunchScreen.storyboard */,
				8467A61B250FAED500E36BEE /* Info.plist */,
			);
			path = fintech_chat;
			sourceTree = "<group>";
		};
		849444DB251DE7DB00946D9F /* Model */ = {
			isa = PBXGroup;
			children = (
				8428027B25347D750078723A /* DataManager */,
				847E5FFF25232496008B8C27 /* ConfigurableView.swift */,
				F10D4E03252111A900B8CDD0 /* ConversationCellModel.swift */,
				F10D4E052521123D00B8CDD0 /* MessageCellModel.swift */,
				F10D4E0B252118D400B8CDD0 /* FakeDataGenerator.swift */,
			);
			path = Model;
			sourceTree = "<group>";
		};
		849444DC251DE7E500946D9F /* View */ = {
			isa = PBXGroup;
			children = (
				8467A613250FAED400E36BEE /* Main.storyboard */,
				849444E1251DF3C800946D9F /* ConversationTableViewCell.swift */,
				849444E2251DF3C800946D9F /* ConversationTableViewCell.xib */,
				F10D4E072521165B00B8CDD0 /* MessageTableViewCell.swift */,
			);
			path = View;
			sourceTree = "<group>";
		};
		849444DD251DE7E900946D9F /* Controller */ = {
			isa = PBXGroup;
			children = (
				8467A611250FAED400E36BEE /* BaseViewController.swift */,
				F136EF942517EDE400F0818C /* ProfileViewController.swift */,
				849444DF251DE86000946D9F /* ConversationsListViewController.swift */,
				849444E5251E21AF00946D9F /* ConversationViewController.swift */,
				F1391D9F25290D17007FC97D /* ThemesViewController.swift */,
			);
			path = Controller;
			sourceTree = "<group>";
		};
		849444DE251DE81300946D9F /* Helpers */ = {
			isa = PBXGroup;
			children = (
				844EB08C2510DF5600AF0216 /* Logger.swift */,
				F136EF982517F10400F0818C /* LogLevels.swift */,
				8463B54D252369B800D1D358 /* Helper.swift */,
			);
			path = Helpers;
			sourceTree = "<group>";
		};
		F1391DA1252BA3C2007FC97D /* Style */ = {
			isa = PBXGroup;
			children = (
				8448DF7D252C9EE300314A95 /* Controls */,
				F1391DA2252BA679007FC97D /* ThemeManager.swift */,
				F1391DA4252BA6F4007FC97D /* Theme.swift */,
				F1391DA6252BA8AD007FC97D /* ClassicTheme.swift */,
				F1391DA8252BA956007FC97D /* DayTheme.swift */,
				F1391DAA252BA9B3007FC97D /* NightTheme.swift */,
			);
			path = Style;
			sourceTree = "<group>";
		};
/* End PBXGroup section */

/* Begin PBXNativeTarget section */
		8467A609250FAED400E36BEE /* fintech_chat */ = {
			isa = PBXNativeTarget;
			buildConfigurationList = 8467A61E250FAED500E36BEE /* Build configuration list for PBXNativeTarget "fintech_chat" */;
			buildPhases = (
				8467A606250FAED400E36BEE /* Sources */,
				8467A607250FAED400E36BEE /* Frameworks */,
				8467A608250FAED400E36BEE /* Resources */,
			);
			buildRules = (
			);
			dependencies = (
			);
			name = fintech_chat;
			productName = fintech_chat;
			productReference = 8467A60A250FAED400E36BEE /* Финтех чат.app */;
			productType = "com.apple.product-type.application";
		};
/* End PBXNativeTarget section */

/* Begin PBXProject section */
		8467A602250FAED300E36BEE /* Project object */ = {
			isa = PBXProject;
			attributes = {
				LastSwiftUpdateCheck = 1150;
				LastUpgradeCheck = 1150;
				ORGANIZATIONNAME = Admin;
				TargetAttributes = {
					8467A609250FAED400E36BEE = {
						CreatedOnToolsVersion = 11.5;
					};
				};
			};
			buildConfigurationList = 8467A605250FAED400E36BEE /* Build configuration list for PBXProject "fintech_chat" */;
			compatibilityVersion = "Xcode 9.3";
			developmentRegion = en;
			hasScannedForEncodings = 0;
			knownRegions = (
				en,
				Base,
			);
			mainGroup = 8467A601250FAED300E36BEE;
			productRefGroup = 8467A60B250FAED400E36BEE /* Products */;
			projectDirPath = "";
			projectRoot = "";
			targets = (
				8467A609250FAED400E36BEE /* fintech_chat */,
			);
		};
/* End PBXProject section */

/* Begin PBXResourcesBuildPhase section */
		8467A608250FAED400E36BEE /* Resources */ = {
			isa = PBXResourcesBuildPhase;
			buildActionMask = 2147483647;
			files = (
				8467A61A250FAED500E36BEE /* LaunchScreen.storyboard in Resources */,
				8467A617250FAED500E36BEE /* Assets.xcassets in Resources */,
				8467A615250FAED400E36BEE /* Main.storyboard in Resources */,
				849444E4251DF3C800946D9F /* ConversationTableViewCell.xib in Resources */,
			);
			runOnlyForDeploymentPostprocessing = 0;
		};
/* End PBXResourcesBuildPhase section */

/* Begin PBXSourcesBuildPhase section */
		8467A606250FAED400E36BEE /* Sources */ = {
			isa = PBXSourcesBuildPhase;
			buildActionMask = 2147483647;
			files = (
				8448DF7F252C9EFE00314A95 /* AppView.swift in Sources */,
				8467A612250FAED400E36BEE /* BaseViewController.swift in Sources */,
				844EB08D2510DF5600AF0216 /* Logger.swift in Sources */,
				F10D4E04252111A900B8CDD0 /* ConversationCellModel.swift in Sources */,
				849444E6251E21AF00946D9F /* ConversationViewController.swift in Sources */,
				F1391DA9252BA956007FC97D /* DayTheme.swift in Sources */,
				F1391DA025290D17007FC97D /* ThemesViewController.swift in Sources */,
				8428027A2534641B0078723A /* UITextView.swift in Sources */,
				8428027F25347F2E0078723A /* GCDDataManager.swift in Sources */,
				F136EF952517EDE400F0818C /* ProfileViewController.swift in Sources */,
				F136EF992517F10400F0818C /* LogLevels.swift in Sources */,
				8442D3CA251B434600F01A1C /* UILabel.swift in Sources */,
				84569933252DB45A001C10B1 /* AppLabel.swift in Sources */,
				F10D4E092521165B00B8CDD0 /* MessageTableViewCell.swift in Sources */,
				8463B54E252369B800D1D358 /* Helper.swift in Sources */,
				849444E0251DE86000946D9F /* ConversationsListViewController.swift in Sources */,
				8467A60E250FAED400E36BEE /* AppDelegate.swift in Sources */,
				F1391DAB252BA9B3007FC97D /* NightTheme.swift in Sources */,
				84489B76252C6E5500F3C80D /* UIAlertController.swift in Sources */,
				F10D4E062521123D00B8CDD0 /* MessageCellModel.swift in Sources */,
				F1391DAD252BB387007FC97D /* UIWindow.swift in Sources */,
				84569935252DB478001C10B1 /* AppButton.swift in Sources */,
				F10D4E022520F03E00B8CDD0 /* Date.swift in Sources */,
				849444E3251DF3C800946D9F /* ConversationTableViewCell.swift in Sources */,
				F1391DA7252BA8AD007FC97D /* ClassicTheme.swift in Sources */,
				F1391DA3252BA679007FC97D /* ThemeManager.swift in Sources */,
				847E600025232496008B8C27 /* ConfigurableView.swift in Sources */,
				F1391DA5252BA6F4007FC97D /* Theme.swift in Sources */,
				F10D4E0C252118D400B8CDD0 /* FakeDataGenerator.swift in Sources */,
				F1D84D4C251E9804000A69AF /* UIColor.swift in Sources */,
				8428027D25347D9B0078723A /* DataManagerProtocol.swift in Sources */,
			);
			runOnlyForDeploymentPostprocessing = 0;
		};
/* End PBXSourcesBuildPhase section */

/* Begin PBXVariantGroup section */
		8467A613250FAED400E36BEE /* Main.storyboard */ = {
			isa = PBXVariantGroup;
			children = (
				8467A614250FAED400E36BEE /* Base */,
			);
			name = Main.storyboard;
			sourceTree = "<group>";
		};
		8467A618250FAED500E36BEE /* LaunchScreen.storyboard */ = {
			isa = PBXVariantGroup;
			children = (
				8467A619250FAED500E36BEE /* Base */,
			);
			name = LaunchScreen.storyboard;
			sourceTree = "<group>";
		};
/* End PBXVariantGroup section */

/* Begin XCBuildConfiguration section */
		8467A61C250FAED500E36BEE /* Debug */ = {
			isa = XCBuildConfiguration;
			buildSettings = {
				ALWAYS_SEARCH_USER_PATHS = NO;
				CLANG_ANALYZER_NONNULL = YES;
				CLANG_ANALYZER_NUMBER_OBJECT_CONVERSION = YES_AGGRESSIVE;
				CLANG_CXX_LANGUAGE_STANDARD = "gnu++14";
				CLANG_CXX_LIBRARY = "libc++";
				CLANG_ENABLE_MODULES = YES;
				CLANG_ENABLE_OBJC_ARC = YES;
				CLANG_ENABLE_OBJC_WEAK = YES;
				CLANG_WARN_BLOCK_CAPTURE_AUTORELEASING = YES;
				CLANG_WARN_BOOL_CONVERSION = YES;
				CLANG_WARN_COMMA = YES;
				CLANG_WARN_CONSTANT_CONVERSION = YES;
				CLANG_WARN_DEPRECATED_OBJC_IMPLEMENTATIONS = YES;
				CLANG_WARN_DIRECT_OBJC_ISA_USAGE = YES_ERROR;
				CLANG_WARN_DOCUMENTATION_COMMENTS = YES;
				CLANG_WARN_EMPTY_BODY = YES;
				CLANG_WARN_ENUM_CONVERSION = YES;
				CLANG_WARN_INFINITE_RECURSION = YES;
				CLANG_WARN_INT_CONVERSION = YES;
				CLANG_WARN_NON_LITERAL_NULL_CONVERSION = YES;
				CLANG_WARN_OBJC_IMPLICIT_RETAIN_SELF = YES;
				CLANG_WARN_OBJC_LITERAL_CONVERSION = YES;
				CLANG_WARN_OBJC_ROOT_CLASS = YES_ERROR;
				CLANG_WARN_RANGE_LOOP_ANALYSIS = YES;
				CLANG_WARN_STRICT_PROTOTYPES = YES;
				CLANG_WARN_SUSPICIOUS_MOVE = YES;
				CLANG_WARN_UNGUARDED_AVAILABILITY = YES_AGGRESSIVE;
				CLANG_WARN_UNREACHABLE_CODE = YES;
				CLANG_WARN__DUPLICATE_METHOD_MATCH = YES;
				COPY_PHASE_STRIP = NO;
				DEBUG_INFORMATION_FORMAT = dwarf;
				ENABLE_STRICT_OBJC_MSGSEND = YES;
				ENABLE_TESTABILITY = YES;
				GCC_C_LANGUAGE_STANDARD = gnu11;
				GCC_DYNAMIC_NO_PIC = NO;
				GCC_NO_COMMON_BLOCKS = YES;
				GCC_OPTIMIZATION_LEVEL = 0;
				GCC_PREPROCESSOR_DEFINITIONS = (
					"DEBUG=1",
					"$(inherited)",
				);
				GCC_WARN_64_TO_32_BIT_CONVERSION = YES;
				GCC_WARN_ABOUT_RETURN_TYPE = YES_ERROR;
				GCC_WARN_UNDECLARED_SELECTOR = YES;
				GCC_WARN_UNINITIALIZED_AUTOS = YES_AGGRESSIVE;
				GCC_WARN_UNUSED_FUNCTION = YES;
				GCC_WARN_UNUSED_VARIABLE = YES;
				IPHONEOS_DEPLOYMENT_TARGET = 12.0;
				MTL_ENABLE_DEBUG_INFO = INCLUDE_SOURCE;
				MTL_FAST_MATH = YES;
				ONLY_ACTIVE_ARCH = YES;
				SDKROOT = iphoneos;
				SWIFT_ACTIVE_COMPILATION_CONDITIONS = DEBUG;
				SWIFT_OPTIMIZATION_LEVEL = "-Onone";
			};
			name = Debug;
		};
		8467A61D250FAED500E36BEE /* Release */ = {
			isa = XCBuildConfiguration;
			buildSettings = {
				ALWAYS_SEARCH_USER_PATHS = NO;
				CLANG_ANALYZER_NONNULL = YES;
				CLANG_ANALYZER_NUMBER_OBJECT_CONVERSION = YES_AGGRESSIVE;
				CLANG_CXX_LANGUAGE_STANDARD = "gnu++14";
				CLANG_CXX_LIBRARY = "libc++";
				CLANG_ENABLE_MODULES = YES;
				CLANG_ENABLE_OBJC_ARC = YES;
				CLANG_ENABLE_OBJC_WEAK = YES;
				CLANG_WARN_BLOCK_CAPTURE_AUTORELEASING = YES;
				CLANG_WARN_BOOL_CONVERSION = YES;
				CLANG_WARN_COMMA = YES;
				CLANG_WARN_CONSTANT_CONVERSION = YES;
				CLANG_WARN_DEPRECATED_OBJC_IMPLEMENTATIONS = YES;
				CLANG_WARN_DIRECT_OBJC_ISA_USAGE = YES_ERROR;
				CLANG_WARN_DOCUMENTATION_COMMENTS = YES;
				CLANG_WARN_EMPTY_BODY = YES;
				CLANG_WARN_ENUM_CONVERSION = YES;
				CLANG_WARN_INFINITE_RECURSION = YES;
				CLANG_WARN_INT_CONVERSION = YES;
				CLANG_WARN_NON_LITERAL_NULL_CONVERSION = YES;
				CLANG_WARN_OBJC_IMPLICIT_RETAIN_SELF = YES;
				CLANG_WARN_OBJC_LITERAL_CONVERSION = YES;
				CLANG_WARN_OBJC_ROOT_CLASS = YES_ERROR;
				CLANG_WARN_RANGE_LOOP_ANALYSIS = YES;
				CLANG_WARN_STRICT_PROTOTYPES = YES;
				CLANG_WARN_SUSPICIOUS_MOVE = YES;
				CLANG_WARN_UNGUARDED_AVAILABILITY = YES_AGGRESSIVE;
				CLANG_WARN_UNREACHABLE_CODE = YES;
				CLANG_WARN__DUPLICATE_METHOD_MATCH = YES;
				COPY_PHASE_STRIP = NO;
				DEBUG_INFORMATION_FORMAT = "dwarf-with-dsym";
				ENABLE_NS_ASSERTIONS = NO;
				ENABLE_STRICT_OBJC_MSGSEND = YES;
				GCC_C_LANGUAGE_STANDARD = gnu11;
				GCC_NO_COMMON_BLOCKS = YES;
				GCC_WARN_64_TO_32_BIT_CONVERSION = YES;
				GCC_WARN_ABOUT_RETURN_TYPE = YES_ERROR;
				GCC_WARN_UNDECLARED_SELECTOR = YES;
				GCC_WARN_UNINITIALIZED_AUTOS = YES_AGGRESSIVE;
				GCC_WARN_UNUSED_FUNCTION = YES;
				GCC_WARN_UNUSED_VARIABLE = YES;
				IPHONEOS_DEPLOYMENT_TARGET = 12.0;
				MTL_ENABLE_DEBUG_INFO = NO;
				MTL_FAST_MATH = YES;
				SDKROOT = iphoneos;
				SWIFT_COMPILATION_MODE = wholemodule;
				SWIFT_OPTIMIZATION_LEVEL = "-O";
				VALIDATE_PRODUCT = YES;
			};
			name = Release;
		};
		8467A61F250FAED500E36BEE /* Debug */ = {
			isa = XCBuildConfiguration;
			buildSettings = {
				ASSETCATALOG_COMPILER_APPICON_NAME = AppIcon;
				CODE_SIGN_STYLE = Automatic;
				DEVELOPMENT_TEAM = URTF63URRB;
				INFOPLIST_FILE = fintech_chat/Info.plist;
				IPHONEOS_DEPLOYMENT_TARGET = 12.0;
				LD_RUNPATH_SEARCH_PATHS = (
					"$(inherited)",
					"@executable_path/Frameworks",
				);
				LOG_LEVEL = INFO;
				PRODUCT_BUNDLE_IDENTIFIER = "com.Dmitriy.fintech-chat";
				PRODUCT_NAME = "Финтех чат";
				SWIFT_VERSION = 5.0;
				TARGETED_DEVICE_FAMILY = "1,2";
			};
			name = Debug;
		};
		8467A620250FAED500E36BEE /* Release */ = {
			isa = XCBuildConfiguration;
			buildSettings = {
				ASSETCATALOG_COMPILER_APPICON_NAME = AppIcon;
				CODE_SIGN_STYLE = Automatic;
				DEVELOPMENT_TEAM = URTF63URRB;
				INFOPLIST_FILE = fintech_chat/Info.plist;
				IPHONEOS_DEPLOYMENT_TARGET = 12.0;
				LD_RUNPATH_SEARCH_PATHS = (
					"$(inherited)",
					"@executable_path/Frameworks",
				);
				LOG_LEVEL = INFO;
				PRODUCT_BUNDLE_IDENTIFIER = "com.Dmitriy.fintech-chat";
				PRODUCT_NAME = "Финтех чат";
				SWIFT_VERSION = 5.0;
				TARGETED_DEVICE_FAMILY = "1,2";
			};
			name = Release;
		};
/* End XCBuildConfiguration section */

/* Begin XCConfigurationList section */
		8467A605250FAED400E36BEE /* Build configuration list for PBXProject "fintech_chat" */ = {
			isa = XCConfigurationList;
			buildConfigurations = (
				8467A61C250FAED500E36BEE /* Debug */,
				8467A61D250FAED500E36BEE /* Release */,
			);
			defaultConfigurationIsVisible = 0;
			defaultConfigurationName = Release;
		};
		8467A61E250FAED500E36BEE /* Build configuration list for PBXNativeTarget "fintech_chat" */ = {
			isa = XCConfigurationList;
			buildConfigurations = (
				8467A61F250FAED500E36BEE /* Debug */,
				8467A620250FAED500E36BEE /* Release */,
			);
			defaultConfigurationIsVisible = 0;
			defaultConfigurationName = Release;
		};
/* End XCConfigurationList section */
	};
	rootObject = 8467A602250FAED300E36BEE /* Project object */;
}
